Microsoft Visual Studio Solution File, Format Version 12.00
# Visual Studio 15
VisualStudioVersion = 15.0.28010.2041
MinimumVisualStudioVersion = 10.0.40219.1
Project("{2150E333-8FDC-42A3-9474-1A3956D46DE8}") = "CMakePredefinedTargets", "CMakePredefinedTargets", "{6C11DD48-FF58-362F-83AC-C90595A77DC3}"
EndProject
Project("{2150E333-8FDC-42A3-9474-1A3956D46DE8}") = "GLFW3", "GLFW3", "{60752DB0-3413-38B1-90A8-87895241D131}"
EndProject
Project("{2150E333-8FDC-42A3-9474-1A3956D46DE8}") = "Examples", "Examples", "{2C766CF9-1C89-3344-83FA-A9BBA28E5C7E}"
EndProject
Project("{2150E333-8FDC-42A3-9474-1A3956D46DE8}") = "Tests", "Tests", "{4EA43A45-92A6-39A8-A327-25ECCE6C5BD4}"
EndProject
Project("{8BC9CEB8-8B4A-11D0-8D11-00A0C91BC942}") = "ALL_BUILD", "ALL_BUILD.vcxproj", "{7F62F7D6-5C13-3479-B9CB-DD5408F04CA4}"
	ProjectSection(ProjectDependencies) = postProject
		{CEBC4A54-6B0B-37B4-92D4-E315508B6831} = {CEBC4A54-6B0B-37B4-92D4-E315508B6831}
		{1B80C4AF-6494-35D5-B96E-8143A7C9DB93} = {1B80C4AF-6494-35D5-B96E-8143A7C9DB93}
		{FB9FD8CB-1B15-3FD3-A6D5-DD8D79B03CBB} = {FB9FD8CB-1B15-3FD3-A6D5-DD8D79B03CBB}
		{C2014E35-18D4-355C-A804-1573B25A292B} = {C2014E35-18D4-355C-A804-1573B25A292B}
		{693CB5AB-C9EB-3D1A-AACF-64CE83191927} = {693CB5AB-C9EB-3D1A-AACF-64CE83191927}
		{ADFECCB1-A467-3F72-BF90-FB545E8E22BB} = {ADFECCB1-A467-3F72-BF90-FB545E8E22BB}
		{3568FD6B-6BD5-3B3B-9E63-DD063D6F2743} = {3568FD6B-6BD5-3B3B-9E63-DD063D6F2743}
		{12C4DD70-613E-3314-BA77-9B4D70807ABE} = {12C4DD70-613E-3314-BA77-9B4D70807ABE}
		{9F592D27-F5BA-337E-BB75-407A8ED18BE0} = {9F592D27-F5BA-337E-BB75-407A8ED18BE0}
		{37A69458-7F1B-3265-B82B-516A9D2ED527} = {37A69458-7F1B-3265-B82B-516A9D2ED527}
		{91BABBB8-8D55-3B34-B390-5D8D77298BB0} = {91BABBB8-8D55-3B34-B390-5D8D77298BB0}
		{55FD1359-B02C-34ED-8E5B-A2335281D0DD} = {55FD1359-B02C-34ED-8E5B-A2335281D0DD}
		{F753062C-4C04-3CD6-A33B-5E7923CFFA1C} = {F753062C-4C04-3CD6-A33B-5E7923CFFA1C}
		{779D1D7F-818E-34C6-8249-35313EB3A286} = {779D1D7F-818E-34C6-8249-35313EB3A286}
		{A215BA66-DF40-3E98-B872-5D69F38FD73D} = {A215BA66-DF40-3E98-B872-5D69F38FD73D}
		{5725BAFA-5A16-3F54-942E-9B497E45ABFF} = {5725BAFA-5A16-3F54-942E-9B497E45ABFF}
		{C4084885-0503-34D0-BC05-698B81C5300B} = {C4084885-0503-34D0-BC05-698B81C5300B}
		{5FAA97CE-9967-3744-A47E-F1185C65A84A} = {5FAA97CE-9967-3744-A47E-F1185C65A84A}
		{53D844D0-EB6E-308A-AE7D-4B371FFFA974} = {53D844D0-EB6E-308A-AE7D-4B371FFFA974}
		{8FCB0901-2DE2-3498-B675-0EFBCC9590A5} = {8FCB0901-2DE2-3498-B675-0EFBCC9590A5}
		{B0A88C46-55D4-39CC-93DB-3CD4F23F186D} = {B0A88C46-55D4-39CC-93DB-3CD4F23F186D}
		{CD924EF5-E280-360C-A60D-B51FCA9170C9} = {CD924EF5-E280-360C-A60D-B51FCA9170C9}
		{6F4F891D-46B7-3C13-BBC5-33E5423C2D5E} = {6F4F891D-46B7-3C13-BBC5-33E5423C2D5E}
		{779DC1C2-072E-3752-B1DF-25893551A7F3} = {779DC1C2-072E-3752-B1DF-25893551A7F3}
		{2813D5B7-97E2-3A40-971E-05860C769459} = {2813D5B7-97E2-3A40-971E-05860C769459}
		{DC39E8CF-2C3D-3F05-805A-6E4B64DD397B} = {DC39E8CF-2C3D-3F05-805A-6E4B64DD397B}
		{7FB0DEAD-B92B-31A0-AFDB-689AA575EE41} = {7FB0DEAD-B92B-31A0-AFDB-689AA575EE41}
	EndProjectSection
EndProject
Project("{8BC9CEB8-8B4A-11D0-8D11-00A0C91BC942}") = "INSTALL", "INSTALL.vcxproj", "{119A5B18-7BD0-3B9A-BFCE-F1F8B15C6D1A}"
	ProjectSection(ProjectDependencies) = postProject
		{7F62F7D6-5C13-3479-B9CB-DD5408F04CA4} = {7F62F7D6-5C13-3479-B9CB-DD5408F04CA4}
		{CEBC4A54-6B0B-37B4-92D4-E315508B6831} = {CEBC4A54-6B0B-37B4-92D4-E315508B6831}
	EndProjectSection
EndProject
Project("{8BC9CEB8-8B4A-11D0-8D11-00A0C91BC942}") = "ZERO_CHECK", "ZERO_CHECK.vcxproj", "{CEBC4A54-6B0B-37B4-92D4-E315508B6831}"
EndProject
Project("{8BC9CEB8-8B4A-11D0-8D11-00A0C91BC942}") = "boing", "examples\boing.vcxproj", "{1B80C4AF-6494-35D5-B96E-8143A7C9DB93}"
	ProjectSection(ProjectDependencies) = postProject
		{CEBC4A54-6B0B-37B4-92D4-E315508B6831} = {CEBC4A54-6B0B-37B4-92D4-E315508B6831}
		{9F592D27-F5BA-337E-BB75-407A8ED18BE0} = {9F592D27-F5BA-337E-BB75-407A8ED18BE0}
	EndProjectSection
EndProject
Project("{8BC9CEB8-8B4A-11D0-8D11-00A0C91BC942}") = "clipboard", "tests\clipboard.vcxproj", "{FB9FD8CB-1B15-3FD3-A6D5-DD8D79B03CBB}"
	ProjectSection(ProjectDependencies) = postProject
		{CEBC4A54-6B0B-37B4-92D4-E315508B6831} = {CEBC4A54-6B0B-37B4-92D4-E315508B6831}
		{9F592D27-F5BA-337E-BB75-407A8ED18BE0} = {9F592D27-F5BA-337E-BB75-407A8ED18BE0}
	EndProjectSection
EndProject
Project("{8BC9CEB8-8B4A-11D0-8D11-00A0C91BC942}") = "cursor", "tests\cursor.vcxproj", "{C2014E35-18D4-355C-A804-1573B25A292B}"
	ProjectSection(ProjectDependencies) = postProject
		{CEBC4A54-6B0B-37B4-92D4-E315508B6831} = {CEBC4A54-6B0B-37B4-92D4-E315508B6831}
		{9F592D27-F5BA-337E-BB75-407A8ED18BE0} = {9F592D27-F5BA-337E-BB75-407A8ED18BE0}
	EndProjectSection
EndProject
Project("{8BC9CEB8-8B4A-11D0-8D11-00A0C91BC942}") = "empty", "tests\empty.vcxproj", "{693CB5AB-C9EB-3D1A-AACF-64CE83191927}"
	ProjectSection(ProjectDependencies) = postProject
		{CEBC4A54-6B0B-37B4-92D4-E315508B6831} = {CEBC4A54-6B0B-37B4-92D4-E315508B6831}
		{9F592D27-F5BA-337E-BB75-407A8ED18BE0} = {9F592D27-F5BA-337E-BB75-407A8ED18BE0}
	EndProjectSection
EndProject
Project("{8BC9CEB8-8B4A-11D0-8D11-00A0C91BC942}") = "events", "tests\events.vcxproj", "{ADFECCB1-A467-3F72-BF90-FB545E8E22BB}"
	ProjectSection(ProjectDependencies) = postProject
		{CEBC4A54-6B0B-37B4-92D4-E315508B6831} = {CEBC4A54-6B0B-37B4-92D4-E315508B6831}
		{9F592D27-F5BA-337E-BB75-407A8ED18BE0} = {9F592D27-F5BA-337E-BB75-407A8ED18BE0}
	EndProjectSection
EndProject
Project("{8BC9CEB8-8B4A-11D0-8D11-00A0C91BC942}") = "gamma", "tests\gamma.vcxproj", "{3568FD6B-6BD5-3B3B-9E63-DD063D6F2743}"
	ProjectSection(ProjectDependencies) = postProject
		{CEBC4A54-6B0B-37B4-92D4-E315508B6831} = {CEBC4A54-6B0B-37B4-92D4-E315508B6831}
		{9F592D27-F5BA-337E-BB75-407A8ED18BE0} = {9F592D27-F5BA-337E-BB75-407A8ED18BE0}
	EndProjectSection
EndProject
Project("{8BC9CEB8-8B4A-11D0-8D11-00A0C91BC942}") = "gears", "examples\gears.vcxproj", "{12C4DD70-613E-3314-BA77-9B4D70807ABE}"
	ProjectSection(ProjectDependencies) = postProject
		{CEBC4A54-6B0B-37B4-92D4-E315508B6831} = {CEBC4A54-6B0B-37B4-92D4-E315508B6831}
		{9F592D27-F5BA-337E-BB75-407A8ED18BE0} = {9F592D27-F5BA-337E-BB75-407A8ED18BE0}
	EndProjectSection
EndProject
Project("{8BC9CEB8-8B4A-11D0-8D11-00A0C91BC942}") = "glfw", "src\glfw.vcxproj", "{9F592D27-F5BA-337E-BB75-407A8ED18BE0}"
	ProjectSection(ProjectDependencies) = postProject
		{CEBC4A54-6B0B-37B4-92D4-E315508B6831} = {CEBC4A54-6B0B-37B4-92D4-E315508B6831}
	EndProjectSection
EndProject
Project("{8BC9CEB8-8B4A-11D0-8D11-00A0C91BC942}") = "glfwinfo", "tests\glfwinfo.vcxproj", "{37A69458-7F1B-3265-B82B-516A9D2ED527}"
	ProjectSection(ProjectDependencies) = postProject
		{CEBC4A54-6B0B-37B4-92D4-E315508B6831} = {CEBC4A54-6B0B-37B4-92D4-E315508B6831}
		{9F592D27-F5BA-337E-BB75-407A8ED18BE0} = {9F592D27-F5BA-337E-BB75-407A8ED18BE0}
	EndProjectSection
EndProject
Project("{8BC9CEB8-8B4A-11D0-8D11-00A0C91BC942}") = "heightmap", "examples\heightmap.vcxproj", "{91BABBB8-8D55-3B34-B390-5D8D77298BB0}"
	ProjectSection(ProjectDependencies) = postProject
		{CEBC4A54-6B0B-37B4-92D4-E315508B6831} = {CEBC4A54-6B0B-37B4-92D4-E315508B6831}
		{9F592D27-F5BA-337E-BB75-407A8ED18BE0} = {9F592D27-F5BA-337E-BB75-407A8ED18BE0}
	EndProjectSection
EndProject
Project("{8BC9CEB8-8B4A-11D0-8D11-00A0C91BC942}") = "icon", "tests\icon.vcxproj", "{55FD1359-B02C-34ED-8E5B-A2335281D0DD}"
	ProjectSection(ProjectDependencies) = postProject
		{CEBC4A54-6B0B-37B4-92D4-E315508B6831} = {CEBC4A54-6B0B-37B4-92D4-E315508B6831}
		{9F592D27-F5BA-337E-BB75-407A8ED18BE0} = {9F592D27-F5BA-337E-BB75-407A8ED18BE0}
	EndProjectSection
EndProject
Project("{8BC9CEB8-8B4A-11D0-8D11-00A0C91BC942}") = "iconify", "tests\iconify.vcxproj", "{F753062C-4C04-3CD6-A33B-5E7923CFFA1C}"
	ProjectSection(ProjectDependencies) = postProject
		{CEBC4A54-6B0B-37B4-92D4-E315508B6831} = {CEBC4A54-6B0B-37B4-92D4-E315508B6831}
		{9F592D27-F5BA-337E-BB75-407A8ED18BE0} = {9F592D27-F5BA-337E-BB75-407A8ED18BE0}
	EndProjectSection
EndProject
Project("{8BC9CEB8-8B4A-11D0-8D11-00A0C91BC942}") = "joysticks", "tests\joysticks.vcxproj", "{779D1D7F-818E-34C6-8249-35313EB3A286}"
	ProjectSection(ProjectDependencies) = postProject
		{CEBC4A54-6B0B-37B4-92D4-E315508B6831} = {CEBC4A54-6B0B-37B4-92D4-E315508B6831}
		{9F592D27-F5BA-337E-BB75-407A8ED18BE0} = {9F592D27-F5BA-337E-BB75-407A8ED18BE0}
	EndProjectSection
EndProject
Project("{8BC9CEB8-8B4A-11D0-8D11-00A0C91BC942}") = "monitors", "tests\monitors.vcxproj", "{A215BA66-DF40-3E98-B872-5D69F38FD73D}"
	ProjectSection(ProjectDependencies) = postProject
		{CEBC4A54-6B0B-37B4-92D4-E315508B6831} = {CEBC4A54-6B0B-37B4-92D4-E315508B6831}
		{9F592D27-F5BA-337E-BB75-407A8ED18BE0} = {9F592D27-F5BA-337E-BB75-407A8ED18BE0}
	EndProjectSection
EndProject
Project("{8BC9CEB8-8B4A-11D0-8D11-00A0C91BC942}") = "msaa", "tests\msaa.vcxproj", "{5725BAFA-5A16-3F54-942E-9B497E45ABFF}"
	ProjectSection(ProjectDependencies) = postProject
		{CEBC4A54-6B0B-37B4-92D4-E315508B6831} = {CEBC4A54-6B0B-37B4-92D4-E315508B6831}
		{9F592D27-F5BA-337E-BB75-407A8ED18BE0} = {9F592D27-F5BA-337E-BB75-407A8ED18BE0}
	EndProjectSection
EndProject
Project("{8BC9CEB8-8B4A-11D0-8D11-00A0C91BC942}") = "particles", "examples\particles.vcxproj", "{C4084885-0503-34D0-BC05-698B81C5300B}"
	ProjectSection(ProjectDependencies) = postProject
		{CEBC4A54-6B0B-37B4-92D4-E315508B6831} = {CEBC4A54-6B0B-37B4-92D4-E315508B6831}
		{9F592D27-F5BA-337E-BB75-407A8ED18BE0} = {9F592D27-F5BA-337E-BB75-407A8ED18BE0}
	EndProjectSection
EndProject
Project("{8BC9CEB8-8B4A-11D0-8D11-00A0C91BC942}") = "reopen", "tests\reopen.vcxproj", "{5FAA97CE-9967-3744-A47E-F1185C65A84A}"
	ProjectSection(ProjectDependencies) = postProject
		{CEBC4A54-6B0B-37B4-92D4-E315508B6831} = {CEBC4A54-6B0B-37B4-92D4-E315508B6831}
		{9F592D27-F5BA-337E-BB75-407A8ED18BE0} = {9F592D27-F5BA-337E-BB75-407A8ED18BE0}
	EndProjectSection
EndProject
Project("{8BC9CEB8-8B4A-11D0-8D11-00A0C91BC942}") = "sharing", "tests\sharing.vcxproj", "{53D844D0-EB6E-308A-AE7D-4B371FFFA974}"
	ProjectSection(ProjectDependencies) = postProject
		{CEBC4A54-6B0B-37B4-92D4-E315508B6831} = {CEBC4A54-6B0B-37B4-92D4-E315508B6831}
		{9F592D27-F5BA-337E-BB75-407A8ED18BE0} = {9F592D27-F5BA-337E-BB75-407A8ED18BE0}
	EndProjectSection
EndProject
Project("{8BC9CEB8-8B4A-11D0-8D11-00A0C91BC942}") = "simple", "examples\simple.vcxproj", "{8FCB0901-2DE2-3498-B675-0EFBCC9590A5}"
	ProjectSection(ProjectDependencies) = postProject
		{CEBC4A54-6B0B-37B4-92D4-E315508B6831} = {CEBC4A54-6B0B-37B4-92D4-E315508B6831}
		{9F592D27-F5BA-337E-BB75-407A8ED18BE0} = {9F592D27-F5BA-337E-BB75-407A8ED18BE0}
	EndProjectSection
EndProject
Project("{8BC9CEB8-8B4A-11D0-8D11-00A0C91BC942}") = "splitview", "examples\splitview.vcxproj", "{B0A88C46-55D4-39CC-93DB-3CD4F23F186D}"
	ProjectSection(ProjectDependencies) = postProject
		{CEBC4A54-6B0B-37B4-92D4-E315508B6831} = {CEBC4A54-6B0B-37B4-92D4-E315508B6831}
		{9F592D27-F5BA-337E-BB75-407A8ED18BE0} = {9F592D27-F5BA-337E-BB75-407A8ED18BE0}
	EndProjectSection
EndProject
Project("{8BC9CEB8-8B4A-11D0-8D11-00A0C91BC942}") = "tearing", "tests\tearing.vcxproj", "{CD924EF5-E280-360C-A60D-B51FCA9170C9}"
	ProjectSection(ProjectDependencies) = postProject
		{CEBC4A54-6B0B-37B4-92D4-E315508B6831} = {CEBC4A54-6B0B-37B4-92D4-E315508B6831}
		{9F592D27-F5BA-337E-BB75-407A8ED18BE0} = {9F592D27-F5BA-337E-BB75-407A8ED18BE0}
	EndProjectSection
EndProject
Project("{8BC9CEB8-8B4A-11D0-8D11-00A0C91BC942}") = "threads", "tests\threads.vcxproj", "{6F4F891D-46B7-3C13-BBC5-33E5423C2D5E}"
	ProjectSection(ProjectDependencies) = postProject
		{CEBC4A54-6B0B-37B4-92D4-E315508B6831} = {CEBC4A54-6B0B-37B4-92D4-E315508B6831}
		{9F592D27-F5BA-337E-BB75-407A8ED18BE0} = {9F592D27-F5BA-337E-BB75-407A8ED18BE0}
	EndProjectSection
EndProject
Project("{8BC9CEB8-8B4A-11D0-8D11-00A0C91BC942}") = "timeout", "tests\timeout.vcxproj", "{779DC1C2-072E-3752-B1DF-25893551A7F3}"
	ProjectSection(ProjectDependencies) = postProject
		{CEBC4A54-6B0B-37B4-92D4-E315508B6831} = {CEBC4A54-6B0B-37B4-92D4-E315508B6831}
		{9F592D27-F5BA-337E-BB75-407A8ED18BE0} = {9F592D27-F5BA-337E-BB75-407A8ED18BE0}
	EndProjectSection
EndProject
Project("{8BC9CEB8-8B4A-11D0-8D11-00A0C91BC942}") = "title", "tests\title.vcxproj", "{2813D5B7-97E2-3A40-971E-05860C769459}"
	ProjectSection(ProjectDependencies) = postProject
		{CEBC4A54-6B0B-37B4-92D4-E315508B6831} = {CEBC4A54-6B0B-37B4-92D4-E315508B6831}
		{9F592D27-F5BA-337E-BB75-407A8ED18BE0} = {9F592D27-F5BA-337E-BB75-407A8ED18BE0}
	EndProjectSection
EndProject
Project("{8BC9CEB8-8B4A-11D0-8D11-00A0C91BC942}") = "uninstall", "uninstall.vcxproj", "{3D310F86-9332-3528-AF22-E8FEA5D79FF6}"
	ProjectSection(ProjectDependencies) = postProject
		{CEBC4A54-6B0B-37B4-92D4-E315508B6831} = {CEBC4A54-6B0B-37B4-92D4-E315508B6831}
	EndProjectSection
EndProject
Project("{8BC9CEB8-8B4A-11D0-8D11-00A0C91BC942}") = "wave", "examples\wave.vcxproj", "{DC39E8CF-2C3D-3F05-805A-6E4B64DD397B}"
	ProjectSection(ProjectDependencies) = postProject
		{CEBC4A54-6B0B-37B4-92D4-E315508B6831} = {CEBC4A54-6B0B-37B4-92D4-E315508B6831}
		{9F592D27-F5BA-337E-BB75-407A8ED18BE0} = {9F592D27-F5BA-337E-BB75-407A8ED18BE0}
	EndProjectSection
EndProject
Project("{8BC9CEB8-8B4A-11D0-8D11-00A0C91BC942}") = "windows", "tests\windows.vcxproj", "{7FB0DEAD-B92B-31A0-AFDB-689AA575EE41}"
	ProjectSection(ProjectDependencies) = postProject
		{CEBC4A54-6B0B-37B4-92D4-E315508B6831} = {CEBC4A54-6B0B-37B4-92D4-E315508B6831}
		{9F592D27-F5BA-337E-BB75-407A8ED18BE0} = {9F592D27-F5BA-337E-BB75-407A8ED18BE0}
	EndProjectSection
EndProject
Project("{8BC9CEB8-8B4A-11D0-8D11-00A0C91BC942}") = "你好窗口", "..\你好窗口\你好窗口.vcxproj", "{B66FDE9C-73EB-440D-B3F1-63BAB2D21FB1}"
EndProject
Project("{2150E333-8FDC-42A3-9474-1A3956D46DE8}") = "LearningOpengl", "LearningOpengl", "{A529ADA0-2E66-4C9F-B0B7-516103B13E89}"
EndProject
Project("{8BC9CEB8-8B4A-11D0-8D11-00A0C91BC942}") = "原+练习1", "你好三角形\你好三角形.vcxproj", "{50612D3B-9301-4088-A17C-E3C3096D5CA2}"
EndProject
Project("{2150E333-8FDC-42A3-9474-1A3956D46DE8}") = "你好三角形", "你好三角形", "{07DEE355-4EE2-45D7-A8F1-0C65A2E6924C}"
EndProject
Project("{8BC9CEB8-8B4A-11D0-8D11-00A0C91BC942}") = "练习2", "练习2\练习2.vcxproj", "{84D4010F-D2C2-4E21-A303-D1E9D2883BB6}"
EndProject
Project("{2150E333-8FDC-42A3-9474-1A3956D46DE8}") = "着色器", "着色器", "{A4E9BB04-3B34-4CC4-AE1D-0DF19F0364CB}"
EndProject
Project("{8BC9CEB8-8B4A-11D0-8D11-00A0C91BC942}") = "着色器", "着色器\着色器.vcxproj", "{CD9D72D7-96F5-4894-BA0E-8AA679221541}"
EndProject
Global
	GlobalSection(SolutionConfigurationPlatforms) = preSolution
		Debug|Win32 = Debug|Win32
		Debug|x64 = Debug|x64
		MinSizeRel|Win32 = MinSizeRel|Win32
		MinSizeRel|x64 = MinSizeRel|x64
		Release|Win32 = Release|Win32
		Release|x64 = Release|x64
		RelWithDebInfo|Win32 = RelWithDebInfo|Win32
		RelWithDebInfo|x64 = RelWithDebInfo|x64
	EndGlobalSection
	GlobalSection(ProjectConfigurationPlatforms) = postSolution
		{7F62F7D6-5C13-3479-B9CB-DD5408F04CA4}.Debug|Win32.ActiveCfg = Debug|Win32
		{7F62F7D6-5C13-3479-B9CB-DD5408F04CA4}.Debug|Win32.Build.0 = Debug|Win32
		{7F62F7D6-5C13-3479-B9CB-DD5408F04CA4}.Debug|x64.ActiveCfg = Debug|Win32
		{7F62F7D6-5C13-3479-B9CB-DD5408F04CA4}.MinSizeRel|Win32.ActiveCfg = MinSizeRel|Win32
		{7F62F7D6-5C13-3479-B9CB-DD5408F04CA4}.MinSizeRel|Win32.Build.0 = MinSizeRel|Win32
		{7F62F7D6-5C13-3479-B9CB-DD5408F04CA4}.MinSizeRel|x64.ActiveCfg = MinSizeRel|Win32
		{7F62F7D6-5C13-3479-B9CB-DD5408F04CA4}.Release|Win32.ActiveCfg = Release|Win32
		{7F62F7D6-5C13-3479-B9CB-DD5408F04CA4}.Release|Win32.Build.0 = Release|Win32
		{7F62F7D6-5C13-3479-B9CB-DD5408F04CA4}.Release|x64.ActiveCfg = Release|Win32
		{7F62F7D6-5C13-3479-B9CB-DD5408F04CA4}.RelWithDebInfo|Win32.ActiveCfg = RelWithDebInfo|Win32
		{7F62F7D6-5C13-3479-B9CB-DD5408F04CA4}.RelWithDebInfo|Win32.Build.0 = RelWithDebInfo|Win32
		{7F62F7D6-5C13-3479-B9CB-DD5408F04CA4}.RelWithDebInfo|x64.ActiveCfg = RelWithDebInfo|Win32
		{119A5B18-7BD0-3B9A-BFCE-F1F8B15C6D1A}.Debug|Win32.ActiveCfg = Debug|Win32
		{119A5B18-7BD0-3B9A-BFCE-F1F8B15C6D1A}.Debug|x64.ActiveCfg = Debug|Win32
		{119A5B18-7BD0-3B9A-BFCE-F1F8B15C6D1A}.MinSizeRel|Win32.ActiveCfg = MinSizeRel|Win32
		{119A5B18-7BD0-3B9A-BFCE-F1F8B15C6D1A}.MinSizeRel|x64.ActiveCfg = MinSizeRel|Win32
		{119A5B18-7BD0-3B9A-BFCE-F1F8B15C6D1A}.Release|Win32.ActiveCfg = Release|Win32
		{119A5B18-7BD0-3B9A-BFCE-F1F8B15C6D1A}.Release|x64.ActiveCfg = Release|Win32
		{119A5B18-7BD0-3B9A-BFCE-F1F8B15C6D1A}.RelWithDebInfo|Win32.ActiveCfg = RelWithDebInfo|Win32
		{119A5B18-7BD0-3B9A-BFCE-F1F8B15C6D1A}.RelWithDebInfo|x64.ActiveCfg = RelWithDebInfo|Win32
		{CEBC4A54-6B0B-37B4-92D4-E315508B6831}.Debug|Win32.ActiveCfg = Debug|Win32
		{CEBC4A54-6B0B-37B4-92D4-E315508B6831}.Debug|Win32.Build.0 = Debug|Win32
		{CEBC4A54-6B0B-37B4-92D4-E315508B6831}.Debug|x64.ActiveCfg = Debug|Win32
		{CEBC4A54-6B0B-37B4-92D4-E315508B6831}.MinSizeRel|Win32.ActiveCfg = MinSizeRel|Win32
		{CEBC4A54-6B0B-37B4-92D4-E315508B6831}.MinSizeRel|Win32.Build.0 = MinSizeRel|Win32
		{CEBC4A54-6B0B-37B4-92D4-E315508B6831}.MinSizeRel|x64.ActiveCfg = MinSizeRel|Win32
		{CEBC4A54-6B0B-37B4-92D4-E315508B6831}.Release|Win32.ActiveCfg = Release|Win32
		{CEBC4A54-6B0B-37B4-92D4-E315508B6831}.Release|Win32.Build.0 = Release|Win32
		{CEBC4A54-6B0B-37B4-92D4-E315508B6831}.Release|x64.ActiveCfg = Release|Win32
		{CEBC4A54-6B0B-37B4-92D4-E315508B6831}.RelWithDebInfo|Win32.ActiveCfg = RelWithDebInfo|Win32
		{CEBC4A54-6B0B-37B4-92D4-E315508B6831}.RelWithDebInfo|Win32.Build.0 = RelWithDebInfo|Win32
		{CEBC4A54-6B0B-37B4-92D4-E315508B6831}.RelWithDebInfo|x64.ActiveCfg = RelWithDebInfo|Win32
		{1B80C4AF-6494-35D5-B96E-8143A7C9DB93}.Debug|Win32.ActiveCfg = Debug|Win32
		{1B80C4AF-6494-35D5-B96E-8143A7C9DB93}.Debug|Win32.Build.0 = Debug|Win32
		{1B80C4AF-6494-35D5-B96E-8143A7C9DB93}.Debug|x64.ActiveCfg = Debug|Win32
		{1B80C4AF-6494-35D5-B96E-8143A7C9DB93}.MinSizeRel|Win32.ActiveCfg = MinSizeRel|Win32
		{1B80C4AF-6494-35D5-B96E-8143A7C9DB93}.MinSizeRel|Win32.Build.0 = MinSizeRel|Win32
		{1B80C4AF-6494-35D5-B96E-8143A7C9DB93}.MinSizeRel|x64.ActiveCfg = MinSizeRel|Win32
		{1B80C4AF-6494-35D5-B96E-8143A7C9DB93}.Release|Win32.ActiveCfg = Release|Win32
		{1B80C4AF-6494-35D5-B96E-8143A7C9DB93}.Release|Win32.Build.0 = Release|Win32
		{1B80C4AF-6494-35D5-B96E-8143A7C9DB93}.Release|x64.ActiveCfg = Release|Win32
		{1B80C4AF-6494-35D5-B96E-8143A7C9DB93}.RelWithDebInfo|Win32.ActiveCfg = RelWithDebInfo|Win32
		{1B80C4AF-6494-35D5-B96E-8143A7C9DB93}.RelWithDebInfo|Win32.Build.0 = RelWithDebInfo|Win32
		{1B80C4AF-6494-35D5-B96E-8143A7C9DB93}.RelWithDebInfo|x64.ActiveCfg = RelWithDebInfo|Win32
		{FB9FD8CB-1B15-3FD3-A6D5-DD8D79B03CBB}.Debug|Win32.ActiveCfg = Debug|Win32
		{FB9FD8CB-1B15-3FD3-A6D5-DD8D79B03CBB}.Debug|Win32.Build.0 = Debug|Win32
		{FB9FD8CB-1B15-3FD3-A6D5-DD8D79B03CBB}.Debug|x64.ActiveCfg = Debug|Win32
		{FB9FD8CB-1B15-3FD3-A6D5-DD8D79B03CBB}.MinSizeRel|Win32.ActiveCfg = MinSizeRel|Win32
		{FB9FD8CB-1B15-3FD3-A6D5-DD8D79B03CBB}.MinSizeRel|Win32.Build.0 = MinSizeRel|Win32
		{FB9FD8CB-1B15-3FD3-A6D5-DD8D79B03CBB}.MinSizeRel|x64.ActiveCfg = MinSizeRel|Win32
		{FB9FD8CB-1B15-3FD3-A6D5-DD8D79B03CBB}.Release|Win32.ActiveCfg = Release|Win32
		{FB9FD8CB-1B15-3FD3-A6D5-DD8D79B03CBB}.Release|Win32.Build.0 = Release|Win32
		{FB9FD8CB-1B15-3FD3-A6D5-DD8D79B03CBB}.Release|x64.ActiveCfg = Release|Win32
		{FB9FD8CB-1B15-3FD3-A6D5-DD8D79B03CBB}.RelWithDebInfo|Win32.ActiveCfg = RelWithDebInfo|Win32
		{FB9FD8CB-1B15-3FD3-A6D5-DD8D79B03CBB}.RelWithDebInfo|Win32.Build.0 = RelWithDebInfo|Win32
		{FB9FD8CB-1B15-3FD3-A6D5-DD8D79B03CBB}.RelWithDebInfo|x64.ActiveCfg = RelWithDebInfo|Win32
		{C2014E35-18D4-355C-A804-1573B25A292B}.Debug|Win32.ActiveCfg = Debug|Win32
		{C2014E35-18D4-355C-A804-1573B25A292B}.Debug|Win32.Build.0 = Debug|Win32
		{C2014E35-18D4-355C-A804-1573B25A292B}.Debug|x64.ActiveCfg = Debug|Win32
		{C2014E35-18D4-355C-A804-1573B25A292B}.MinSizeRel|Win32.ActiveCfg = MinSizeRel|Win32
		{C2014E35-18D4-355C-A804-1573B25A292B}.MinSizeRel|Win32.Build.0 = MinSizeRel|Win32
		{C2014E35-18D4-355C-A804-1573B25A292B}.MinSizeRel|x64.ActiveCfg = MinSizeRel|Win32
		{C2014E35-18D4-355C-A804-1573B25A292B}.Release|Win32.ActiveCfg = Release|Win32
		{C2014E35-18D4-355C-A804-1573B25A292B}.Release|Win32.Build.0 = Release|Win32
		{C2014E35-18D4-355C-A804-1573B25A292B}.Release|x64.ActiveCfg = Release|Win32
		{C2014E35-18D4-355C-A804-1573B25A292B}.RelWithDebInfo|Win32.ActiveCfg = RelWithDebInfo|Win32
		{C2014E35-18D4-355C-A804-1573B25A292B}.RelWithDebInfo|Win32.Build.0 = RelWithDebInfo|Win32
		{C2014E35-18D4-355C-A804-1573B25A292B}.RelWithDebInfo|x64.ActiveCfg = RelWithDebInfo|Win32
		{693CB5AB-C9EB-3D1A-AACF-64CE83191927}.Debug|Win32.ActiveCfg = Debug|Win32
		{693CB5AB-C9EB-3D1A-AACF-64CE83191927}.Debug|Win32.Build.0 = Debug|Win32
		{693CB5AB-C9EB-3D1A-AACF-64CE83191927}.Debug|x64.ActiveCfg = Debug|Win32
		{693CB5AB-C9EB-3D1A-AACF-64CE83191927}.MinSizeRel|Win32.ActiveCfg = MinSizeRel|Win32
		{693CB5AB-C9EB-3D1A-AACF-64CE83191927}.MinSizeRel|Win32.Build.0 = MinSizeRel|Win32
		{693CB5AB-C9EB-3D1A-AACF-64CE83191927}.MinSizeRel|x64.ActiveCfg = MinSizeRel|Win32
		{693CB5AB-C9EB-3D1A-AACF-64CE83191927}.Release|Win32.ActiveCfg = Release|Win32
		{693CB5AB-C9EB-3D1A-AACF-64CE83191927}.Release|Win32.Build.0 = Release|Win32
		{693CB5AB-C9EB-3D1A-AACF-64CE83191927}.Release|x64.ActiveCfg = Release|Win32
		{693CB5AB-C9EB-3D1A-AACF-64CE83191927}.RelWithDebInfo|Win32.ActiveCfg = RelWithDebInfo|Win32
		{693CB5AB-C9EB-3D1A-AACF-64CE83191927}.RelWithDebInfo|Win32.Build.0 = RelWithDebInfo|Win32
		{693CB5AB-C9EB-3D1A-AACF-64CE83191927}.RelWithDebInfo|x64.ActiveCfg = RelWithDebInfo|Win32
		{ADFECCB1-A467-3F72-BF90-FB545E8E22BB}.Debug|Win32.ActiveCfg = Debug|Win32
		{ADFECCB1-A467-3F72-BF90-FB545E8E22BB}.Debug|Win32.Build.0 = Debug|Win32
		{ADFECCB1-A467-3F72-BF90-FB545E8E22BB}.Debug|x64.ActiveCfg = Debug|Win32
		{ADFECCB1-A467-3F72-BF90-FB545E8E22BB}.MinSizeRel|Win32.ActiveCfg = MinSizeRel|Win32
		{ADFECCB1-A467-3F72-BF90-FB545E8E22BB}.MinSizeRel|Win32.Build.0 = MinSizeRel|Win32
		{ADFECCB1-A467-3F72-BF90-FB545E8E22BB}.MinSizeRel|x64.ActiveCfg = MinSizeRel|Win32
		{ADFECCB1-A467-3F72-BF90-FB545E8E22BB}.Release|Win32.ActiveCfg = Release|Win32
		{ADFECCB1-A467-3F72-BF90-FB545E8E22BB}.Release|Win32.Build.0 = Release|Win32
		{ADFECCB1-A467-3F72-BF90-FB545E8E22BB}.Release|x64.ActiveCfg = Release|Win32
		{ADFECCB1-A467-3F72-BF90-FB545E8E22BB}.RelWithDebInfo|Win32.ActiveCfg = RelWithDebInfo|Win32
		{ADFECCB1-A467-3F72-BF90-FB545E8E22BB}.RelWithDebInfo|Win32.Build.0 = RelWithDebInfo|Win32
		{ADFECCB1-A467-3F72-BF90-FB545E8E22BB}.RelWithDebInfo|x64.ActiveCfg = RelWithDebInfo|Win32
		{3568FD6B-6BD5-3B3B-9E63-DD063D6F2743}.Debug|Win32.ActiveCfg = Debug|Win32
		{3568FD6B-6BD5-3B3B-9E63-DD063D6F2743}.Debug|Win32.Build.0 = Debug|Win32
		{3568FD6B-6BD5-3B3B-9E63-DD063D6F2743}.Debug|x64.ActiveCfg = Debug|Win32
		{3568FD6B-6BD5-3B3B-9E63-DD063D6F2743}.MinSizeRel|Win32.ActiveCfg = MinSizeRel|Win32
		{3568FD6B-6BD5-3B3B-9E63-DD063D6F2743}.MinSizeRel|Win32.Build.0 = MinSizeRel|Win32
		{3568FD6B-6BD5-3B3B-9E63-DD063D6F2743}.MinSizeRel|x64.ActiveCfg = MinSizeRel|Win32
		{3568FD6B-6BD5-3B3B-9E63-DD063D6F2743}.Release|Win32.ActiveCfg = Release|Win32
		{3568FD6B-6BD5-3B3B-9E63-DD063D6F2743}.Release|Win32.Build.0 = Release|Win32
		{3568FD6B-6BD5-3B3B-9E63-DD063D6F2743}.Release|x64.ActiveCfg = Release|Win32
		{3568FD6B-6BD5-3B3B-9E63-DD063D6F2743}.RelWithDebInfo|Win32.ActiveCfg = RelWithDebInfo|Win32
		{3568FD6B-6BD5-3B3B-9E63-DD063D6F2743}.RelWithDebInfo|Win32.Build.0 = RelWithDebInfo|Win32
		{3568FD6B-6BD5-3B3B-9E63-DD063D6F2743}.RelWithDebInfo|x64.ActiveCfg = RelWithDebInfo|Win32
		{12C4DD70-613E-3314-BA77-9B4D70807ABE}.Debug|Win32.ActiveCfg = Debug|Win32
		{12C4DD70-613E-3314-BA77-9B4D70807ABE}.Debug|Win32.Build.0 = Debug|Win32
		{12C4DD70-613E-3314-BA77-9B4D70807ABE}.Debug|x64.ActiveCfg = Debug|Win32
		{12C4DD70-613E-3314-BA77-9B4D70807ABE}.MinSizeRel|Win32.ActiveCfg = MinSizeRel|Win32
		{12C4DD70-613E-3314-BA77-9B4D70807ABE}.MinSizeRel|Win32.Build.0 = MinSizeRel|Win32
		{12C4DD70-613E-3314-BA77-9B4D70807ABE}.MinSizeRel|x64.ActiveCfg = MinSizeRel|Win32
		{12C4DD70-613E-3314-BA77-9B4D70807ABE}.Release|Win32.ActiveCfg = Release|Win32
		{12C4DD70-613E-3314-BA77-9B4D70807ABE}.Release|Win32.Build.0 = Release|Win32
		{12C4DD70-613E-3314-BA77-9B4D70807ABE}.Release|x64.ActiveCfg = Release|Win32
		{12C4DD70-613E-3314-BA77-9B4D70807ABE}.RelWithDebInfo|Win32.ActiveCfg = RelWithDebInfo|Win32
		{12C4DD70-613E-3314-BA77-9B4D70807ABE}.RelWithDebInfo|Win32.Build.0 = RelWithDebInfo|Win32
		{12C4DD70-613E-3314-BA77-9B4D70807ABE}.RelWithDebInfo|x64.ActiveCfg = RelWithDebInfo|Win32
		{9F592D27-F5BA-337E-BB75-407A8ED18BE0}.Debug|Win32.ActiveCfg = Debug|Win32
		{9F592D27-F5BA-337E-BB75-407A8ED18BE0}.Debug|Win32.Build.0 = Debug|Win32
		{9F592D27-F5BA-337E-BB75-407A8ED18BE0}.Debug|x64.ActiveCfg = Debug|Win32
		{9F592D27-F5BA-337E-BB75-407A8ED18BE0}.MinSizeRel|Win32.ActiveCfg = MinSizeRel|Win32
		{9F592D27-F5BA-337E-BB75-407A8ED18BE0}.MinSizeRel|Win32.Build.0 = MinSizeRel|Win32
		{9F592D27-F5BA-337E-BB75-407A8ED18BE0}.MinSizeRel|x64.ActiveCfg = MinSizeRel|Win32
		{9F592D27-F5BA-337E-BB75-407A8ED18BE0}.Release|Win32.ActiveCfg = Release|Win32
		{9F592D27-F5BA-337E-BB75-407A8ED18BE0}.Release|Win32.Build.0 = Release|Win32
		{9F592D27-F5BA-337E-BB75-407A8ED18BE0}.Release|x64.ActiveCfg = Release|Win32
		{9F592D27-F5BA-337E-BB75-407A8ED18BE0}.RelWithDebInfo|Win32.ActiveCfg = RelWithDebInfo|Win32
		{9F592D27-F5BA-337E-BB75-407A8ED18BE0}.RelWithDebInfo|Win32.Build.0 = RelWithDebInfo|Win32
		{9F592D27-F5BA-337E-BB75-407A8ED18BE0}.RelWithDebInfo|x64.ActiveCfg = RelWithDebInfo|Win32
		{37A69458-7F1B-3265-B82B-516A9D2ED527}.Debug|Win32.ActiveCfg = Debug|Win32
		{37A69458-7F1B-3265-B82B-516A9D2ED527}.Debug|Win32.Build.0 = Debug|Win32
		{37A69458-7F1B-3265-B82B-516A9D2ED527}.Debug|x64.ActiveCfg = Debug|Win32
		{37A69458-7F1B-3265-B82B-516A9D2ED527}.MinSizeRel|Win32.ActiveCfg = MinSizeRel|Win32
		{37A69458-7F1B-3265-B82B-516A9D2ED527}.MinSizeRel|Win32.Build.0 = MinSizeRel|Win32
		{37A69458-7F1B-3265-B82B-516A9D2ED527}.MinSizeRel|x64.ActiveCfg = MinSizeRel|Win32
		{37A69458-7F1B-3265-B82B-516A9D2ED527}.Release|Win32.ActiveCfg = Release|Win32
		{37A69458-7F1B-3265-B82B-516A9D2ED527}.Release|Win32.Build.0 = Release|Win32
		{37A69458-7F1B-3265-B82B-516A9D2ED527}.Release|x64.ActiveCfg = Release|Win32
		{37A69458-7F1B-3265-B82B-516A9D2ED527}.RelWithDebInfo|Win32.ActiveCfg = RelWithDebInfo|Win32
		{37A69458-7F1B-3265-B82B-516A9D2ED527}.RelWithDebInfo|Win32.Build.0 = RelWithDebInfo|Win32
		{37A69458-7F1B-3265-B82B-516A9D2ED527}.RelWithDebInfo|x64.ActiveCfg = RelWithDebInfo|Win32
		{91BABBB8-8D55-3B34-B390-5D8D77298BB0}.Debug|Win32.ActiveCfg = Debug|Win32
		{91BABBB8-8D55-3B34-B390-5D8D77298BB0}.Debug|Win32.Build.0 = Debug|Win32
		{91BABBB8-8D55-3B34-B390-5D8D77298BB0}.Debug|x64.ActiveCfg = Debug|Win32
		{91BABBB8-8D55-3B34-B390-5D8D77298BB0}.MinSizeRel|Win32.ActiveCfg = MinSizeRel|Win32
		{91BABBB8-8D55-3B34-B390-5D8D77298BB0}.MinSizeRel|Win32.Build.0 = MinSizeRel|Win32
		{91BABBB8-8D55-3B34-B390-5D8D77298BB0}.MinSizeRel|x64.ActiveCfg = MinSizeRel|Win32
		{91BABBB8-8D55-3B34-B390-5D8D77298BB0}.Release|Win32.ActiveCfg = Release|Win32
		{91BABBB8-8D55-3B34-B390-5D8D77298BB0}.Release|Win32.Build.0 = Release|Win32
		{91BABBB8-8D55-3B34-B390-5D8D77298BB0}.Release|x64.ActiveCfg = Release|Win32
		{91BABBB8-8D55-3B34-B390-5D8D77298BB0}.RelWithDebInfo|Win32.ActiveCfg = RelWithDebInfo|Win32
		{91BABBB8-8D55-3B34-B390-5D8D77298BB0}.RelWithDebInfo|Win32.Build.0 = RelWithDebInfo|Win32
		{91BABBB8-8D55-3B34-B390-5D8D77298BB0}.RelWithDebInfo|x64.ActiveCfg = RelWithDebInfo|Win32
		{55FD1359-B02C-34ED-8E5B-A2335281D0DD}.Debug|Win32.ActiveCfg = Debug|Win32
		{55FD1359-B02C-34ED-8E5B-A2335281D0DD}.Debug|Win32.Build.0 = Debug|Win32
		{55FD1359-B02C-34ED-8E5B-A2335281D0DD}.Debug|x64.ActiveCfg = Debug|Win32
		{55FD1359-B02C-34ED-8E5B-A2335281D0DD}.MinSizeRel|Win32.ActiveCfg = MinSizeRel|Win32
		{55FD1359-B02C-34ED-8E5B-A2335281D0DD}.MinSizeRel|Win32.Build.0 = MinSizeRel|Win32
		{55FD1359-B02C-34ED-8E5B-A2335281D0DD}.MinSizeRel|x64.ActiveCfg = MinSizeRel|Win32
		{55FD1359-B02C-34ED-8E5B-A2335281D0DD}.Release|Win32.ActiveCfg = Release|Win32
		{55FD1359-B02C-34ED-8E5B-A2335281D0DD}.Release|Win32.Build.0 = Release|Win32
		{55FD1359-B02C-34ED-8E5B-A2335281D0DD}.Release|x64.ActiveCfg = Release|Win32
		{55FD1359-B02C-34ED-8E5B-A2335281D0DD}.RelWithDebInfo|Win32.ActiveCfg = RelWithDebInfo|Win32
		{55FD1359-B02C-34ED-8E5B-A2335281D0DD}.RelWithDebInfo|Win32.Build.0 = RelWithDebInfo|Win32
		{55FD1359-B02C-34ED-8E5B-A2335281D0DD}.RelWithDebInfo|x64.ActiveCfg = RelWithDebInfo|Win32
		{F753062C-4C04-3CD6-A33B-5E7923CFFA1C}.Debug|Win32.ActiveCfg = Debug|Win32
		{F753062C-4C04-3CD6-A33B-5E7923CFFA1C}.Debug|Win32.Build.0 = Debug|Win32
		{F753062C-4C04-3CD6-A33B-5E7923CFFA1C}.Debug|x64.ActiveCfg = Debug|Win32
		{F753062C-4C04-3CD6-A33B-5E7923CFFA1C}.MinSizeRel|Win32.ActiveCfg = MinSizeRel|Win32
		{F753062C-4C04-3CD6-A33B-5E7923CFFA1C}.MinSizeRel|Win32.Build.0 = MinSizeRel|Win32
		{F753062C-4C04-3CD6-A33B-5E7923CFFA1C}.MinSizeRel|x64.ActiveCfg = MinSizeRel|Win32
		{F753062C-4C04-3CD6-A33B-5E7923CFFA1C}.Release|Win32.ActiveCfg = Release|Win32
		{F753062C-4C04-3CD6-A33B-5E7923CFFA1C}.Release|Win32.Build.0 = Release|Win32
		{F753062C-4C04-3CD6-A33B-5E7923CFFA1C}.Release|x64.ActiveCfg = Release|Win32
		{F753062C-4C04-3CD6-A33B-5E7923CFFA1C}.RelWithDebInfo|Win32.ActiveCfg = RelWithDebInfo|Win32
		{F753062C-4C04-3CD6-A33B-5E7923CFFA1C}.RelWithDebInfo|Win32.Build.0 = RelWithDebInfo|Win32
		{F753062C-4C04-3CD6-A33B-5E7923CFFA1C}.RelWithDebInfo|x64.ActiveCfg = RelWithDebInfo|Win32
		{779D1D7F-818E-34C6-8249-35313EB3A286}.Debug|Win32.ActiveCfg = Debug|Win32
		{779D1D7F-818E-34C6-8249-35313EB3A286}.Debug|Win32.Build.0 = Debug|Win32
		{779D1D7F-818E-34C6-8249-35313EB3A286}.Debug|x64.ActiveCfg = Debug|Win32
		{779D1D7F-818E-34C6-8249-35313EB3A286}.MinSizeRel|Win32.ActiveCfg = MinSizeRel|Win32
		{779D1D7F-818E-34C6-8249-35313EB3A286}.MinSizeRel|Win32.Build.0 = MinSizeRel|Win32
		{779D1D7F-818E-34C6-8249-35313EB3A286}.MinSizeRel|x64.ActiveCfg = MinSizeRel|Win32
		{779D1D7F-818E-34C6-8249-35313EB3A286}.Release|Win32.ActiveCfg = Release|Win32
		{779D1D7F-818E-34C6-8249-35313EB3A286}.Release|Win32.Build.0 = Release|Win32
		{779D1D7F-818E-34C6-8249-35313EB3A286}.Release|x64.ActiveCfg = Release|Win32
		{779D1D7F-818E-34C6-8249-35313EB3A286}.RelWithDebInfo|Win32.ActiveCfg = RelWithDebInfo|Win32
		{779D1D7F-818E-34C6-8249-35313EB3A286}.RelWithDebInfo|Win32.Build.0 = RelWithDebInfo|Win32
		{779D1D7F-818E-34C6-8249-35313EB3A286}.RelWithDebInfo|x64.ActiveCfg = RelWithDebInfo|Win32
		{A215BA66-DF40-3E98-B872-5D69F38FD73D}.Debug|Win32.ActiveCfg = Debug|Win32
		{A215BA66-DF40-3E98-B872-5D69F38FD73D}.Debug|Win32.Build.0 = Debug|Win32
		{A215BA66-DF40-3E98-B872-5D69F38FD73D}.Debug|x64.ActiveCfg = Debug|Win32
		{A215BA66-DF40-3E98-B872-5D69F38FD73D}.MinSizeRel|Win32.ActiveCfg = MinSizeRel|Win32
		{A215BA66-DF40-3E98-B872-5D69F38FD73D}.MinSizeRel|Win32.Build.0 = MinSizeRel|Win32
		{A215BA66-DF40-3E98-B872-5D69F38FD73D}.MinSizeRel|x64.ActiveCfg = MinSizeRel|Win32
		{A215BA66-DF40-3E98-B872-5D69F38FD73D}.Release|Win32.ActiveCfg = Release|Win32
		{A215BA66-DF40-3E98-B872-5D69F38FD73D}.Release|Win32.Build.0 = Release|Win32
		{A215BA66-DF40-3E98-B872-5D69F38FD73D}.Release|x64.ActiveCfg = Release|Win32
		{A215BA66-DF40-3E98-B872-5D69F38FD73D}.RelWithDebInfo|Win32.ActiveCfg = RelWithDebInfo|Win32
		{A215BA66-DF40-3E98-B872-5D69F38FD73D}.RelWithDebInfo|Win32.Build.0 = RelWithDebInfo|Win32
		{A215BA66-DF40-3E98-B872-5D69F38FD73D}.RelWithDebInfo|x64.ActiveCfg = RelWithDebInfo|Win32
		{5725BAFA-5A16-3F54-942E-9B497E45ABFF}.Debug|Win32.ActiveCfg = Debug|Win32
		{5725BAFA-5A16-3F54-942E-9B497E45ABFF}.Debug|Win32.Build.0 = Debug|Win32
		{5725BAFA-5A16-3F54-942E-9B497E45ABFF}.Debug|x64.ActiveCfg = Debug|Win32
		{5725BAFA-5A16-3F54-942E-9B497E45ABFF}.MinSizeRel|Win32.ActiveCfg = MinSizeRel|Win32
		{5725BAFA-5A16-3F54-942E-9B497E45ABFF}.MinSizeRel|Win32.Build.0 = MinSizeRel|Win32
		{5725BAFA-5A16-3F54-942E-9B497E45ABFF}.MinSizeRel|x64.ActiveCfg = MinSizeRel|Win32
		{5725BAFA-5A16-3F54-942E-9B497E45ABFF}.Release|Win32.ActiveCfg = Release|Win32
		{5725BAFA-5A16-3F54-942E-9B497E45ABFF}.Release|Win32.Build.0 = Release|Win32
		{5725BAFA-5A16-3F54-942E-9B497E45ABFF}.Release|x64.ActiveCfg = Release|Win32
		{5725BAFA-5A16-3F54-942E-9B497E45ABFF}.RelWithDebInfo|Win32.ActiveCfg = RelWithDebInfo|Win32
		{5725BAFA-5A16-3F54-942E-9B497E45ABFF}.RelWithDebInfo|Win32.Build.0 = RelWithDebInfo|Win32
		{5725BAFA-5A16-3F54-942E-9B497E45ABFF}.RelWithDebInfo|x64.ActiveCfg = RelWithDebInfo|Win32
		{C4084885-0503-34D0-BC05-698B81C5300B}.Debug|Win32.ActiveCfg = Debug|Win32
		{C4084885-0503-34D0-BC05-698B81C5300B}.Debug|Win32.Build.0 = Debug|Win32
		{C4084885-0503-34D0-BC05-698B81C5300B}.Debug|x64.ActiveCfg = Debug|Win32
		{C4084885-0503-34D0-BC05-698B81C5300B}.MinSizeRel|Win32.ActiveCfg = MinSizeRel|Win32
		{C4084885-0503-34D0-BC05-698B81C5300B}.MinSizeRel|Win32.Build.0 = MinSizeRel|Win32
		{C4084885-0503-34D0-BC05-698B81C5300B}.MinSizeRel|x64.ActiveCfg = MinSizeRel|Win32
		{C4084885-0503-34D0-BC05-698B81C5300B}.Release|Win32.ActiveCfg = Release|Win32
		{C4084885-0503-34D0-BC05-698B81C5300B}.Release|Win32.Build.0 = Release|Win32
		{C4084885-0503-34D0-BC05-698B81C5300B}.Release|x64.ActiveCfg = Release|Win32
		{C4084885-0503-34D0-BC05-698B81C5300B}.RelWithDebInfo|Win32.ActiveCfg = RelWithDebInfo|Win32
		{C4084885-0503-34D0-BC05-698B81C5300B}.RelWithDebInfo|Win32.Build.0 = RelWithDebInfo|Win32
		{C4084885-0503-34D0-BC05-698B81C5300B}.RelWithDebInfo|x64.ActiveCfg = RelWithDebInfo|Win32
		{5FAA97CE-9967-3744-A47E-F1185C65A84A}.Debug|Win32.ActiveCfg = Debug|Win32
		{5FAA97CE-9967-3744-A47E-F1185C65A84A}.Debug|Win32.Build.0 = Debug|Win32
		{5FAA97CE-9967-3744-A47E-F1185C65A84A}.Debug|x64.ActiveCfg = Debug|Win32
		{5FAA97CE-9967-3744-A47E-F1185C65A84A}.MinSizeRel|Win32.ActiveCfg = MinSizeRel|Win32
		{5FAA97CE-9967-3744-A47E-F1185C65A84A}.MinSizeRel|Win32.Build.0 = MinSizeRel|Win32
		{5FAA97CE-9967-3744-A47E-F1185C65A84A}.MinSizeRel|x64.ActiveCfg = MinSizeRel|Win32
		{5FAA97CE-9967-3744-A47E-F1185C65A84A}.Release|Win32.ActiveCfg = Release|Win32
		{5FAA97CE-9967-3744-A47E-F1185C65A84A}.Release|Win32.Build.0 = Release|Win32
		{5FAA97CE-9967-3744-A47E-F1185C65A84A}.Release|x64.ActiveCfg = Release|Win32
		{5FAA97CE-9967-3744-A47E-F1185C65A84A}.RelWithDebInfo|Win32.ActiveCfg = RelWithDebInfo|Win32
		{5FAA97CE-9967-3744-A47E-F1185C65A84A}.RelWithDebInfo|Win32.Build.0 = RelWithDebInfo|Win32
		{5FAA97CE-9967-3744-A47E-F1185C65A84A}.RelWithDebInfo|x64.ActiveCfg = RelWithDebInfo|Win32
		{53D844D0-EB6E-308A-AE7D-4B371FFFA974}.Debug|Win32.ActiveCfg = Debug|Win32
		{53D844D0-EB6E-308A-AE7D-4B371FFFA974}.Debug|Win32.Build.0 = Debug|Win32
		{53D844D0-EB6E-308A-AE7D-4B371FFFA974}.Debug|x64.ActiveCfg = Debug|Win32
		{53D844D0-EB6E-308A-AE7D-4B371FFFA974}.MinSizeRel|Win32.ActiveCfg = MinSizeRel|Win32
		{53D844D0-EB6E-308A-AE7D-4B371FFFA974}.MinSizeRel|Win32.Build.0 = MinSizeRel|Win32
		{53D844D0-EB6E-308A-AE7D-4B371FFFA974}.MinSizeRel|x64.ActiveCfg = MinSizeRel|Win32
		{53D844D0-EB6E-308A-AE7D-4B371FFFA974}.Release|Win32.ActiveCfg = Release|Win32
		{53D844D0-EB6E-308A-AE7D-4B371FFFA974}.Release|Win32.Build.0 = Release|Win32
		{53D844D0-EB6E-308A-AE7D-4B371FFFA974}.Release|x64.ActiveCfg = Release|Win32
		{53D844D0-EB6E-308A-AE7D-4B371FFFA974}.RelWithDebInfo|Win32.ActiveCfg = RelWithDebInfo|Win32
		{53D844D0-EB6E-308A-AE7D-4B371FFFA974}.RelWithDebInfo|Win32.Build.0 = RelWithDebInfo|Win32
		{53D844D0-EB6E-308A-AE7D-4B371FFFA974}.RelWithDebInfo|x64.ActiveCfg = RelWithDebInfo|Win32
		{8FCB0901-2DE2-3498-B675-0EFBCC9590A5}.Debug|Win32.ActiveCfg = Debug|Win32
		{8FCB0901-2DE2-3498-B675-0EFBCC9590A5}.Debug|Win32.Build.0 = Debug|Win32
		{8FCB0901-2DE2-3498-B675-0EFBCC9590A5}.Debug|x64.ActiveCfg = Debug|Win32
		{8FCB0901-2DE2-3498-B675-0EFBCC9590A5}.MinSizeRel|Win32.ActiveCfg = MinSizeRel|Win32
		{8FCB0901-2DE2-3498-B675-0EFBCC9590A5}.MinSizeRel|Win32.Build.0 = MinSizeRel|Win32
		{8FCB0901-2DE2-3498-B675-0EFBCC9590A5}.MinSizeRel|x64.ActiveCfg = MinSizeRel|Win32
		{8FCB0901-2DE2-3498-B675-0EFBCC9590A5}.Release|Win32.ActiveCfg = Release|Win32
		{8FCB0901-2DE2-3498-B675-0EFBCC9590A5}.Release|Win32.Build.0 = Release|Win32
		{8FCB0901-2DE2-3498-B675-0EFBCC9590A5}.Release|x64.ActiveCfg = Release|Win32
		{8FCB0901-2DE2-3498-B675-0EFBCC9590A5}.RelWithDebInfo|Win32.ActiveCfg = RelWithDebInfo|Win32
		{8FCB0901-2DE2-3498-B675-0EFBCC9590A5}.RelWithDebInfo|Win32.Build.0 = RelWithDebInfo|Win32
		{8FCB0901-2DE2-3498-B675-0EFBCC9590A5}.RelWithDebInfo|x64.ActiveCfg = RelWithDebInfo|Win32
		{B0A88C46-55D4-39CC-93DB-3CD4F23F186D}.Debug|Win32.ActiveCfg = Debug|Win32
		{B0A88C46-55D4-39CC-93DB-3CD4F23F186D}.Debug|Win32.Build.0 = Debug|Win32
		{B0A88C46-55D4-39CC-93DB-3CD4F23F186D}.Debug|x64.ActiveCfg = Debug|Win32
		{B0A88C46-55D4-39CC-93DB-3CD4F23F186D}.MinSizeRel|Win32.ActiveCfg = MinSizeRel|Win32
		{B0A88C46-55D4-39CC-93DB-3CD4F23F186D}.MinSizeRel|Win32.Build.0 = MinSizeRel|Win32
		{B0A88C46-55D4-39CC-93DB-3CD4F23F186D}.MinSizeRel|x64.ActiveCfg = MinSizeRel|Win32
		{B0A88C46-55D4-39CC-93DB-3CD4F23F186D}.Release|Win32.ActiveCfg = Release|Win32
		{B0A88C46-55D4-39CC-93DB-3CD4F23F186D}.Release|Win32.Build.0 = Release|Win32
		{B0A88C46-55D4-39CC-93DB-3CD4F23F186D}.Release|x64.ActiveCfg = Release|Win32
		{B0A88C46-55D4-39CC-93DB-3CD4F23F186D}.RelWithDebInfo|Win32.ActiveCfg = RelWithDebInfo|Win32
		{B0A88C46-55D4-39CC-93DB-3CD4F23F186D}.RelWithDebInfo|Win32.Build.0 = RelWithDebInfo|Win32
		{B0A88C46-55D4-39CC-93DB-3CD4F23F186D}.RelWithDebInfo|x64.ActiveCfg = RelWithDebInfo|Win32
		{CD924EF5-E280-360C-A60D-B51FCA9170C9}.Debug|Win32.ActiveCfg = Debug|Win32
		{CD924EF5-E280-360C-A60D-B51FCA9170C9}.Debug|Win32.Build.0 = Debug|Win32
		{CD924EF5-E280-360C-A60D-B51FCA9170C9}.Debug|x64.ActiveCfg = Debug|Win32
		{CD924EF5-E280-360C-A60D-B51FCA9170C9}.MinSizeRel|Win32.ActiveCfg = MinSizeRel|Win32
		{CD924EF5-E280-360C-A60D-B51FCA9170C9}.MinSizeRel|Win32.Build.0 = MinSizeRel|Win32
		{CD924EF5-E280-360C-A60D-B51FCA9170C9}.MinSizeRel|x64.ActiveCfg = MinSizeRel|Win32
		{CD924EF5-E280-360C-A60D-B51FCA9170C9}.Release|Win32.ActiveCfg = Release|Win32
		{CD924EF5-E280-360C-A60D-B51FCA9170C9}.Release|Win32.Build.0 = Release|Win32
		{CD924EF5-E280-360C-A60D-B51FCA9170C9}.Release|x64.ActiveCfg = Release|Win32
		{CD924EF5-E280-360C-A60D-B51FCA9170C9}.RelWithDebInfo|Win32.ActiveCfg = RelWithDebInfo|Win32
		{CD924EF5-E280-360C-A60D-B51FCA9170C9}.RelWithDebInfo|Win32.Build.0 = RelWithDebInfo|Win32
		{CD924EF5-E280-360C-A60D-B51FCA9170C9}.RelWithDebInfo|x64.ActiveCfg = RelWithDebInfo|Win32
		{6F4F891D-46B7-3C13-BBC5-33E5423C2D5E}.Debug|Win32.ActiveCfg = Debug|Win32
		{6F4F891D-46B7-3C13-BBC5-33E5423C2D5E}.Debug|Win32.Build.0 = Debug|Win32
		{6F4F891D-46B7-3C13-BBC5-33E5423C2D5E}.Debug|x64.ActiveCfg = Debug|Win32
		{6F4F891D-46B7-3C13-BBC5-33E5423C2D5E}.MinSizeRel|Win32.ActiveCfg = MinSizeRel|Win32
		{6F4F891D-46B7-3C13-BBC5-33E5423C2D5E}.MinSizeRel|Win32.Build.0 = MinSizeRel|Win32
		{6F4F891D-46B7-3C13-BBC5-33E5423C2D5E}.MinSizeRel|x64.ActiveCfg = MinSizeRel|Win32
		{6F4F891D-46B7-3C13-BBC5-33E5423C2D5E}.Release|Win32.ActiveCfg = Release|Win32
		{6F4F891D-46B7-3C13-BBC5-33E5423C2D5E}.Release|Win32.Build.0 = Release|Win32
		{6F4F891D-46B7-3C13-BBC5-33E5423C2D5E}.Release|x64.ActiveCfg = Release|Win32
		{6F4F891D-46B7-3C13-BBC5-33E5423C2D5E}.RelWithDebInfo|Win32.ActiveCfg = RelWithDebInfo|Win32
		{6F4F891D-46B7-3C13-BBC5-33E5423C2D5E}.RelWithDebInfo|Win32.Build.0 = RelWithDebInfo|Win32
		{6F4F891D-46B7-3C13-BBC5-33E5423C2D5E}.RelWithDebInfo|x64.ActiveCfg = RelWithDebInfo|Win32
		{779DC1C2-072E-3752-B1DF-25893551A7F3}.Debug|Win32.ActiveCfg = Debug|Win32
		{779DC1C2-072E-3752-B1DF-25893551A7F3}.Debug|Win32.Build.0 = Debug|Win32
		{779DC1C2-072E-3752-B1DF-25893551A7F3}.Debug|x64.ActiveCfg = Debug|Win32
		{779DC1C2-072E-3752-B1DF-25893551A7F3}.MinSizeRel|Win32.ActiveCfg = MinSizeRel|Win32
		{779DC1C2-072E-3752-B1DF-25893551A7F3}.MinSizeRel|Win32.Build.0 = MinSizeRel|Win32
		{779DC1C2-072E-3752-B1DF-25893551A7F3}.MinSizeRel|x64.ActiveCfg = MinSizeRel|Win32
		{779DC1C2-072E-3752-B1DF-25893551A7F3}.Release|Win32.ActiveCfg = Release|Win32
		{779DC1C2-072E-3752-B1DF-25893551A7F3}.Release|Win32.Build.0 = Release|Win32
		{779DC1C2-072E-3752-B1DF-25893551A7F3}.Release|x64.ActiveCfg = Release|Win32
		{779DC1C2-072E-3752-B1DF-25893551A7F3}.RelWithDebInfo|Win32.ActiveCfg = RelWithDebInfo|Win32
		{779DC1C2-072E-3752-B1DF-25893551A7F3}.RelWithDebInfo|Win32.Build.0 = RelWithDebInfo|Win32
		{779DC1C2-072E-3752-B1DF-25893551A7F3}.RelWithDebInfo|x64.ActiveCfg = RelWithDebInfo|Win32
		{2813D5B7-97E2-3A40-971E-05860C769459}.Debug|Win32.ActiveCfg = Debug|Win32
		{2813D5B7-97E2-3A40-971E-05860C769459}.Debug|Win32.Build.0 = Debug|Win32
		{2813D5B7-97E2-3A40-971E-05860C769459}.Debug|x64.ActiveCfg = Debug|Win32
		{2813D5B7-97E2-3A40-971E-05860C769459}.MinSizeRel|Win32.ActiveCfg = MinSizeRel|Win32
		{2813D5B7-97E2-3A40-971E-05860C769459}.MinSizeRel|Win32.Build.0 = MinSizeRel|Win32
		{2813D5B7-97E2-3A40-971E-05860C769459}.MinSizeRel|x64.ActiveCfg = MinSizeRel|Win32
		{2813D5B7-97E2-3A40-971E-05860C769459}.Release|Win32.ActiveCfg = Release|Win32
		{2813D5B7-97E2-3A40-971E-05860C769459}.Release|Win32.Build.0 = Release|Win32
		{2813D5B7-97E2-3A40-971E-05860C769459}.Release|x64.ActiveCfg = Release|Win32
		{2813D5B7-97E2-3A40-971E-05860C769459}.RelWithDebInfo|Win32.ActiveCfg = RelWithDebInfo|Win32
		{2813D5B7-97E2-3A40-971E-05860C769459}.RelWithDebInfo|Win32.Build.0 = RelWithDebInfo|Win32
		{2813D5B7-97E2-3A40-971E-05860C769459}.RelWithDebInfo|x64.ActiveCfg = RelWithDebInfo|Win32
		{3D310F86-9332-3528-AF22-E8FEA5D79FF6}.Debug|Win32.ActiveCfg = Debug|Win32
		{3D310F86-9332-3528-AF22-E8FEA5D79FF6}.Debug|x64.ActiveCfg = Debug|Win32
		{3D310F86-9332-3528-AF22-E8FEA5D79FF6}.MinSizeRel|Win32.ActiveCfg = MinSizeRel|Win32
		{3D310F86-9332-3528-AF22-E8FEA5D79FF6}.MinSizeRel|x64.ActiveCfg = MinSizeRel|Win32
		{3D310F86-9332-3528-AF22-E8FEA5D79FF6}.Release|Win32.ActiveCfg = Release|Win32
		{3D310F86-9332-3528-AF22-E8FEA5D79FF6}.Release|x64.ActiveCfg = Release|Win32
		{3D310F86-9332-3528-AF22-E8FEA5D79FF6}.RelWithDebInfo|Win32.ActiveCfg = RelWithDebInfo|Win32
		{3D310F86-9332-3528-AF22-E8FEA5D79FF6}.RelWithDebInfo|x64.ActiveCfg = RelWithDebInfo|Win32
		{DC39E8CF-2C3D-3F05-805A-6E4B64DD397B}.Debug|Win32.ActiveCfg = Debug|Win32
		{DC39E8CF-2C3D-3F05-805A-6E4B64DD397B}.Debug|Win32.Build.0 = Debug|Win32
		{DC39E8CF-2C3D-3F05-805A-6E4B64DD397B}.Debug|x64.ActiveCfg = Debug|Win32
		{DC39E8CF-2C3D-3F05-805A-6E4B64DD397B}.MinSizeRel|Win32.ActiveCfg = MinSizeRel|Win32
		{DC39E8CF-2C3D-3F05-805A-6E4B64DD397B}.MinSizeRel|Win32.Build.0 = MinSizeRel|Win32
		{DC39E8CF-2C3D-3F05-805A-6E4B64DD397B}.MinSizeRel|x64.ActiveCfg = MinSizeRel|Win32
		{DC39E8CF-2C3D-3F05-805A-6E4B64DD397B}.Release|Win32.ActiveCfg = Release|Win32
		{DC39E8CF-2C3D-3F05-805A-6E4B64DD397B}.Release|Win32.Build.0 = Release|Win32
		{DC39E8CF-2C3D-3F05-805A-6E4B64DD397B}.Release|x64.ActiveCfg = Release|Win32
		{DC39E8CF-2C3D-3F05-805A-6E4B64DD397B}.RelWithDebInfo|Win32.ActiveCfg = RelWithDebInfo|Win32
		{DC39E8CF-2C3D-3F05-805A-6E4B64DD397B}.RelWithDebInfo|Win32.Build.0 = RelWithDebInfo|Win32
		{DC39E8CF-2C3D-3F05-805A-6E4B64DD397B}.RelWithDebInfo|x64.ActiveCfg = RelWithDebInfo|Win32
		{7FB0DEAD-B92B-31A0-AFDB-689AA575EE41}.Debug|Win32.ActiveCfg = Debug|Win32
		{7FB0DEAD-B92B-31A0-AFDB-689AA575EE41}.Debug|Win32.Build.0 = Debug|Win32
		{7FB0DEAD-B92B-31A0-AFDB-689AA575EE41}.Debug|x64.ActiveCfg = Debug|Win32
		{7FB0DEAD-B92B-31A0-AFDB-689AA575EE41}.MinSizeRel|Win32.ActiveCfg = MinSizeRel|Win32
		{7FB0DEAD-B92B-31A0-AFDB-689AA575EE41}.MinSizeRel|Win32.Build.0 = MinSizeRel|Win32
		{7FB0DEAD-B92B-31A0-AFDB-689AA575EE41}.MinSizeRel|x64.ActiveCfg = MinSizeRel|Win32
		{7FB0DEAD-B92B-31A0-AFDB-689AA575EE41}.Release|Win32.ActiveCfg = Release|Win32
		{7FB0DEAD-B92B-31A0-AFDB-689AA575EE41}.Release|Win32.Build.0 = Release|Win32
		{7FB0DEAD-B92B-31A0-AFDB-689AA575EE41}.Release|x64.ActiveCfg = Release|Win32
		{7FB0DEAD-B92B-31A0-AFDB-689AA575EE41}.RelWithDebInfo|Win32.ActiveCfg = RelWithDebInfo|Win32
		{7FB0DEAD-B92B-31A0-AFDB-689AA575EE41}.RelWithDebInfo|Win32.Build.0 = RelWithDebInfo|Win32
		{7FB0DEAD-B92B-31A0-AFDB-689AA575EE41}.RelWithDebInfo|x64.ActiveCfg = RelWithDebInfo|Win32
		{B66FDE9C-73EB-440D-B3F1-63BAB2D21FB1}.Debug|Win32.ActiveCfg = Debug|Win32
		{B66FDE9C-73EB-440D-B3F1-63BAB2D21FB1}.Debug|Win32.Build.0 = Debug|Win32
		{B66FDE9C-73EB-440D-B3F1-63BAB2D21FB1}.Debug|x64.ActiveCfg = Debug|x64
		{B66FDE9C-73EB-440D-B3F1-63BAB2D21FB1}.Debug|x64.Build.0 = Debug|x64
		{B66FDE9C-73EB-440D-B3F1-63BAB2D21FB1}.MinSizeRel|Win32.ActiveCfg = Release|Win32
		{B66FDE9C-73EB-440D-B3F1-63BAB2D21FB1}.MinSizeRel|Win32.Build.0 = Release|Win32
		{B66FDE9C-73EB-440D-B3F1-63BAB2D21FB1}.MinSizeRel|x64.ActiveCfg = Release|x64
		{B66FDE9C-73EB-440D-B3F1-63BAB2D21FB1}.MinSizeRel|x64.Build.0 = Release|x64
		{B66FDE9C-73EB-440D-B3F1-63BAB2D21FB1}.Release|Win32.ActiveCfg = Release|Win32
		{B66FDE9C-73EB-440D-B3F1-63BAB2D21FB1}.Release|Win32.Build.0 = Release|Win32
		{B66FDE9C-73EB-440D-B3F1-63BAB2D21FB1}.Release|x64.ActiveCfg = Release|x64
		{B66FDE9C-73EB-440D-B3F1-63BAB2D21FB1}.Release|x64.Build.0 = Release|x64
		{B66FDE9C-73EB-440D-B3F1-63BAB2D21FB1}.RelWithDebInfo|Win32.ActiveCfg = Release|Win32
		{B66FDE9C-73EB-440D-B3F1-63BAB2D21FB1}.RelWithDebInfo|Win32.Build.0 = Release|Win32
		{B66FDE9C-73EB-440D-B3F1-63BAB2D21FB1}.RelWithDebInfo|x64.ActiveCfg = Release|x64
		{B66FDE9C-73EB-440D-B3F1-63BAB2D21FB1}.RelWithDebInfo|x64.Build.0 = Release|x64
		{50612D3B-9301-4088-A17C-E3C3096D5CA2}.Debug|Win32.ActiveCfg = Debug|Win32
		{50612D3B-9301-4088-A17C-E3C3096D5CA2}.Debug|Win32.Build.0 = Debug|Win32
		{50612D3B-9301-4088-A17C-E3C3096D5CA2}.Debug|x64.ActiveCfg = Debug|x64
		{50612D3B-9301-4088-A17C-E3C3096D5CA2}.Debug|x64.Build.0 = Debug|x64
		{50612D3B-9301-4088-A17C-E3C3096D5CA2}.MinSizeRel|Win32.ActiveCfg = Release|Win32
		{50612D3B-9301-4088-A17C-E3C3096D5CA2}.MinSizeRel|Win32.Build.0 = Release|Win32
		{50612D3B-9301-4088-A17C-E3C3096D5CA2}.MinSizeRel|x64.ActiveCfg = Release|x64
		{50612D3B-9301-4088-A17C-E3C3096D5CA2}.MinSizeRel|x64.Build.0 = Release|x64
		{50612D3B-9301-4088-A17C-E3C3096D5CA2}.Release|Win32.ActiveCfg = Release|Win32
		{50612D3B-9301-4088-A17C-E3C3096D5CA2}.Release|Win32.Build.0 = Release|Win32
		{50612D3B-9301-4088-A17C-E3C3096D5CA2}.Release|x64.ActiveCfg = Release|x64
		{50612D3B-9301-4088-A17C-E3C3096D5CA2}.Release|x64.Build.0 = Release|x64
		{50612D3B-9301-4088-A17C-E3C3096D5CA2}.RelWithDebInfo|Win32.ActiveCfg = Release|Win32
		{50612D3B-9301-4088-A17C-E3C3096D5CA2}.RelWithDebInfo|Win32.Build.0 = Release|Win32
		{50612D3B-9301-4088-A17C-E3C3096D5CA2}.RelWithDebInfo|x64.ActiveCfg = Release|x64
		{50612D3B-9301-4088-A17C-E3C3096D5CA2}.RelWithDebInfo|x64.Build.0 = Release|x64
		{84D4010F-D2C2-4E21-A303-D1E9D2883BB6}.Debug|Win32.ActiveCfg = Debug|Win32
		{84D4010F-D2C2-4E21-A303-D1E9D2883BB6}.Debug|Win32.Build.0 = Debug|Win32
		{84D4010F-D2C2-4E21-A303-D1E9D2883BB6}.Debug|x64.ActiveCfg = Debug|x64
		{84D4010F-D2C2-4E21-A303-D1E9D2883BB6}.Debug|x64.Build.0 = Debug|x64
		{84D4010F-D2C2-4E21-A303-D1E9D2883BB6}.MinSizeRel|Win32.ActiveCfg = Release|Win32
		{84D4010F-D2C2-4E21-A303-D1E9D2883BB6}.MinSizeRel|Win32.Build.0 = Release|Win32
		{84D4010F-D2C2-4E21-A303-D1E9D2883BB6}.MinSizeRel|x64.ActiveCfg = Release|x64
		{84D4010F-D2C2-4E21-A303-D1E9D2883BB6}.MinSizeRel|x64.Build.0 = Release|x64
		{84D4010F-D2C2-4E21-A303-D1E9D2883BB6}.Release|Win32.ActiveCfg = Release|Win32
		{84D4010F-D2C2-4E21-A303-D1E9D2883BB6}.Release|Win32.Build.0 = Release|Win32
		{84D4010F-D2C2-4E21-A303-D1E9D2883BB6}.Release|x64.ActiveCfg = Release|x64
		{84D4010F-D2C2-4E21-A303-D1E9D2883BB6}.Release|x64.Build.0 = Release|x64
		{84D4010F-D2C2-4E21-A303-D1E9D2883BB6}.RelWithDebInfo|Win32.ActiveCfg = Release|Win32
		{84D4010F-D2C2-4E21-A303-D1E9D2883BB6}.RelWithDebInfo|Win32.Build.0 = Release|Win32
		{84D4010F-D2C2-4E21-A303-D1E9D2883BB6}.RelWithDebInfo|x64.ActiveCfg = Release|x64
		{84D4010F-D2C2-4E21-A303-D1E9D2883BB6}.RelWithDebInfo|x64.Build.0 = Release|x64
		{CD9D72D7-96F5-4894-BA0E-8AA679221541}.Debug|Win32.ActiveCfg = Debug|Win32
		{CD9D72D7-96F5-4894-BA0E-8AA679221541}.Debug|Win32.Build.0 = Debug|Win32
		{CD9D72D7-96F5-4894-BA0E-8AA679221541}.Debug|x64.ActiveCfg = Debug|x64
		{CD9D72D7-96F5-4894-BA0E-8AA679221541}.Debug|x64.Build.0 = Debug|x64
		{CD9D72D7-96F5-4894-BA0E-8AA679221541}.MinSizeRel|Win32.ActiveCfg = Release|Win32
		{CD9D72D7-96F5-4894-BA0E-8AA679221541}.MinSizeRel|Win32.Build.0 = Release|Win32
		{CD9D72D7-96F5-4894-BA0E-8AA679221541}.MinSizeRel|x64.ActiveCfg = Release|x64
		{CD9D72D7-96F5-4894-BA0E-8AA679221541}.MinSizeRel|x64.Build.0 = Release|x64
		{CD9D72D7-96F5-4894-BA0E-8AA679221541}.Release|Win32.ActiveCfg = Release|Win32
		{CD9D72D7-96F5-4894-BA0E-8AA679221541}.Release|Win32.Build.0 = Release|Win32
		{CD9D72D7-96F5-4894-BA0E-8AA679221541}.Release|x64.ActiveCfg = Release|x64
		{CD9D72D7-96F5-4894-BA0E-8AA679221541}.Release|x64.Build.0 = Release|x64
		{CD9D72D7-96F5-4894-BA0E-8AA679221541}.RelWithDebInfo|Win32.ActiveCfg = Release|Win32
		{CD9D72D7-96F5-4894-BA0E-8AA679221541}.RelWithDebInfo|Win32.Build.0 = Release|Win32
		{CD9D72D7-96F5-4894-BA0E-8AA679221541}.RelWithDebInfo|x64.ActiveCfg = Release|x64
		{CD9D72D7-96F5-4894-BA0E-8AA679221541}.RelWithDebInfo|x64.Build.0 = Release|x64
	EndGlobalSection
	GlobalSection(SolutionProperties) = preSolution
		HideSolutionNode = FALSE
	EndGlobalSection
	GlobalSection(NestedProjects) = preSolution
		{2C766CF9-1C89-3344-83FA-A9BBA28E5C7E} = {60752DB0-3413-38B1-90A8-87895241D131}
		{4EA43A45-92A6-39A8-A327-25ECCE6C5BD4} = {60752DB0-3413-38B1-90A8-87895241D131}
		{7F62F7D6-5C13-3479-B9CB-DD5408F04CA4} = {6C11DD48-FF58-362F-83AC-C90595A77DC3}
		{119A5B18-7BD0-3B9A-BFCE-F1F8B15C6D1A} = {6C11DD48-FF58-362F-83AC-C90595A77DC3}
		{CEBC4A54-6B0B-37B4-92D4-E315508B6831} = {6C11DD48-FF58-362F-83AC-C90595A77DC3}
		{1B80C4AF-6494-35D5-B96E-8143A7C9DB93} = {2C766CF9-1C89-3344-83FA-A9BBA28E5C7E}
		{FB9FD8CB-1B15-3FD3-A6D5-DD8D79B03CBB} = {4EA43A45-92A6-39A8-A327-25ECCE6C5BD4}
		{C2014E35-18D4-355C-A804-1573B25A292B} = {4EA43A45-92A6-39A8-A327-25ECCE6C5BD4}
		{693CB5AB-C9EB-3D1A-AACF-64CE83191927} = {4EA43A45-92A6-39A8-A327-25ECCE6C5BD4}
		{ADFECCB1-A467-3F72-BF90-FB545E8E22BB} = {4EA43A45-92A6-39A8-A327-25ECCE6C5BD4}
		{3568FD6B-6BD5-3B3B-9E63-DD063D6F2743} = {4EA43A45-92A6-39A8-A327-25ECCE6C5BD4}
		{12C4DD70-613E-3314-BA77-9B4D70807ABE} = {2C766CF9-1C89-3344-83FA-A9BBA28E5C7E}
		{9F592D27-F5BA-337E-BB75-407A8ED18BE0} = {60752DB0-3413-38B1-90A8-87895241D131}
		{37A69458-7F1B-3265-B82B-516A9D2ED527} = {4EA43A45-92A6-39A8-A327-25ECCE6C5BD4}
		{91BABBB8-8D55-3B34-B390-5D8D77298BB0} = {2C766CF9-1C89-3344-83FA-A9BBA28E5C7E}
		{55FD1359-B02C-34ED-8E5B-A2335281D0DD} = {4EA43A45-92A6-39A8-A327-25ECCE6C5BD4}
		{F753062C-4C04-3CD6-A33B-5E7923CFFA1C} = {4EA43A45-92A6-39A8-A327-25ECCE6C5BD4}
		{779D1D7F-818E-34C6-8249-35313EB3A286} = {4EA43A45-92A6-39A8-A327-25ECCE6C5BD4}
		{A215BA66-DF40-3E98-B872-5D69F38FD73D} = {4EA43A45-92A6-39A8-A327-25ECCE6C5BD4}
		{5725BAFA-5A16-3F54-942E-9B497E45ABFF} = {4EA43A45-92A6-39A8-A327-25ECCE6C5BD4}
		{C4084885-0503-34D0-BC05-698B81C5300B} = {2C766CF9-1C89-3344-83FA-A9BBA28E5C7E}
		{5FAA97CE-9967-3744-A47E-F1185C65A84A} = {4EA43A45-92A6-39A8-A327-25ECCE6C5BD4}
		{53D844D0-EB6E-308A-AE7D-4B371FFFA974} = {4EA43A45-92A6-39A8-A327-25ECCE6C5BD4}
		{8FCB0901-2DE2-3498-B675-0EFBCC9590A5} = {2C766CF9-1C89-3344-83FA-A9BBA28E5C7E}
		{B0A88C46-55D4-39CC-93DB-3CD4F23F186D} = {2C766CF9-1C89-3344-83FA-A9BBA28E5C7E}
		{CD924EF5-E280-360C-A60D-B51FCA9170C9} = {4EA43A45-92A6-39A8-A327-25ECCE6C5BD4}
		{6F4F891D-46B7-3C13-BBC5-33E5423C2D5E} = {4EA43A45-92A6-39A8-A327-25ECCE6C5BD4}
		{779DC1C2-072E-3752-B1DF-25893551A7F3} = {4EA43A45-92A6-39A8-A327-25ECCE6C5BD4}
		{2813D5B7-97E2-3A40-971E-05860C769459} = {4EA43A45-92A6-39A8-A327-25ECCE6C5BD4}
		{DC39E8CF-2C3D-3F05-805A-6E4B64DD397B} = {2C766CF9-1C89-3344-83FA-A9BBA28E5C7E}
		{7FB0DEAD-B92B-31A0-AFDB-689AA575EE41} = {4EA43A45-92A6-39A8-A327-25ECCE6C5BD4}
		{B66FDE9C-73EB-440D-B3F1-63BAB2D21FB1} = {A529ADA0-2E66-4C9F-B0B7-516103B13E89}
		{50612D3B-9301-4088-A17C-E3C3096D5CA2} = {07DEE355-4EE2-45D7-A8F1-0C65A2E6924C}
		{07DEE355-4EE2-45D7-A8F1-0C65A2E6924C} = {A529ADA0-2E66-4C9F-B0B7-516103B13E89}
		{84D4010F-D2C2-4E21-A303-D1E9D2883BB6} = {07DEE355-4EE2-45D7-A8F1-0C65A2E6924C}
		{A4E9BB04-3B34-4CC4-AE1D-0DF19F0364CB} = {A529ADA0-2E66-4C9F-B0B7-516103B13E89}
		{CD9D72D7-96F5-4894-BA0E-8AA679221541} = {A4E9BB04-3B34-4CC4-AE1D-0DF19F0364CB}
	EndGlobalSection
	GlobalSection(ExtensibilityGlobals) = postSolution
		SolutionGuid = {F7F7B1BC-F8AE-3521-9BA1-321FC4F07379}
	EndGlobalSection
EndGlobal
