<?xml version="1.0" encoding="utf-8"?>
<Project ToolsVersion="15.0" xmlns="http://schemas.microsoft.com/developer/msbuild/2003">
  <ItemGroup>
    <ClCompile Include="C:\MySoft\VS15Projects\glfw-3.2.1\tests\icon.c">
      <Filter>Source Files</Filter>
    </ClCompile>
    <ClCompile Include="C:\MySoft\VS15Projects\glfw-3.2.1\deps\glad.c">
      <Filter>Source Files</Filter>
    </ClCompile>
  </ItemGroup>
  <ItemGroup>
    <ClInclude Include="C:\MySoft\VS15Projects\glfw-3.2.1\deps\glad\glad.h">
      <Filter>Header Files</Filter>
    </ClInclude>
  </ItemGroup>
  <ItemGroup>
    <CustomBuild Include="C:\MySoft\VS15Projects\glfw-3.2.1\tests\CMakeLists.txt" />
  </ItemGroup>
  <ItemGroup>
    <Filter Include="Header Files">
      <UniqueIdentifier>{A8B0D860-C817-390F-9CDD-F111C521F861}</UniqueIdentifier>
    </Filter>
    <Filter Include="Source Files">
      <UniqueIdentifier>{F4AEEF93-305C-3749-9B5F-7B8CEEFDEEE8}</UniqueIdentifier>
    </Filter>
  </ItemGroup>
</Project>
